github.com/BurntSushi/toml v1.6.0 h1:dRaEfpa2VI55EwlIW72hMRHdWouJeRF7TPYhI+AUQjk=
github.com/BurntSushi/toml v1.6.0/go.mod h1:ukJfTF/6rtPPRCnwkur4qwRxa8vTRFBF0uk2lLoLwho=
github.com/dlclark/regexp2 v1.12.0 h1:0j4c5qQmnC6XOWNjP3PIXURXN2gWx76rd3KvgdPkCz8=
github.com/dlclark/regexp2 v1.12.0/go.mod h1:DHkYz0B9wPfa6wondMfaivmHpzrQ3v9q8cnmRbL6yW8=
github.com/pt-main/lc v1.5.0-pre h1:Bk56ra5IPhSsUGnbc060kCfb/yMVvHP1c5VEh+RRpWk=
github.com/pt-main/lc v1.5.0-pre/go.mod h1:uUxWI4oiOkia6Tko+cgF+O3fhGZF3of1NSHeTEjOaMU=
github.com/pt-main/lc v1.5.0-pre2 h1:mCEIZ2D14wNF5bPdRlfcJer+YcX3Ltl4VVnJWhBU9VA=
github.com/pt-main/lc v1.5.0-pre2/go.mod h1:uUxWI4oiOkia6Tko+cgF+O3fhGZF3of1NSHeTEjOaMU=
github.com/pt-main/lc v1.5.2 h1:9XgZ9I090uPjy//Ldq9tCTsSbYQn5UBqsGZ9EuHAj88=
github.com/pt-main/lc v1.5.2/go.mod h1:uUxWI4oiOkia6Tko+cgF+O3fhGZF3of1NSHeTEjOaMU=
github.com/pt-main/lc v1.5.3 h1:SyOAnv33StAhgX/JRE5PjNql2WED8Khi6EERwwC7rk8=
github.com/pt-main/lc v1.5.3/go.mod h1:uUxWI4oiOkia6Tko+cgF+O3fhGZF3of1NSHeTEjOaMU=
github.com/pt-main/lc v1.5.4 h1:PLrlu7uvKP4lcNB/xxPghnY91vxxf7X1PJB0vNQskk0=
github.com/pt-main/lc v1.5.4/go.mod h1:uUxWI4oiOkia6Tko+cgF+O3fhGZF3of1NSHeTEjOaMU=
github.com/pt-main/tap v1.4.7 h1:73hoVgdAng1qh/TKLzfR2sREHCTcNFuOpwseQupD+5Y=
github.com/pt-main/tap v1.4.7/go.mod h1:ULQUJ/+8VIji9oq26pr1cmbXv+VUlhjsvq1n/vd4f3I=
github.com/pt-main/tap v1.4.8 h1:BBT83yIiE08qZNvT32gMfUAjT7We+OjNpuegXUDEjno=
github.com/pt-main/tap v1.4.8/go.mod h1:ULQUJ/+8VIji9oq26pr1cmbXv+VUlhjsvq1n/vd4f3I=
gopkg.in/check.v1 v0.0.0-20161208181325-20d25e280405/go.mod h1:Co6ibVJAznAaIkqp8huTwlJQCZ016jof/cbN4VW5Yz0=
gopkg.in/yaml.v3 v3.0.1 h1:fxVm/GzAzEWqLHuvctI91KS9hhNmmWOoWu0XTYJS7CA=
gopkg.in/yaml.v3 v3.0.1/go.mod h1:K4uyk7z7BCEPqu6E+C64Yfv1cQ7kz7rIZviUmN+EgEM=
